
Microsoft Visual Studio Solution File, Format Version 12.00
# Visual Studio Version 17
VisualStudioVersion = 17.11.35327.3
MinimumVisualStudioVersion = 10.0.40219.1
Project("{8BC9CEB8-8B4A-11D0-8D11-00A0C91BC942}") = "Esco", "Esco\Esco.vcxproj", "{B4F0220A-E65D-4786-AA8E-294001DC6D44}"
EndProject
Project("{8BC9CEB8-8B4A-11D0-8D11-00A0C91BC942}") = "Sandbox", "Sandbox\Sandbox.vcxproj", "{8E35303A-8906-4DE0-A5AB-550FEB7E95E0}"
EndProject
Global
	GlobalSection(SolutionConfigurationPlatforms) = preSolution
		Debug|x64 = Debug|x64
		Release|x64 = Release|x64
	EndGlobalSection
	GlobalSection(ProjectConfigurationPlatforms) = postSolution
		{B4F0220A-E65D-4786-AA8E-294001DC6D44}.Debug|x64.ActiveCfg = Debug|x64
		{B4F0220A-E65D-4786-AA8E-294001DC6D44}.Debug|x64.Build.0 = Debug|x64
		{B4F0220A-E65D-4786-AA8E-294001DC6D44}.Release|x64.ActiveCfg = Release|x64
		{B4F0220A-E65D-4786-AA8E-294001DC6D44}.Release|x64.Build.0 = Release|x64
		{8E35303A-8906-4DE0-A5AB-550FEB7E95E0}.Debug|x64.ActiveCfg = Debug|x64
		{8E35303A-8906-4DE0-A5AB-550FEB7E95E0}.Debug|x64.Build.0 = Debug|x64
		{8E35303A-8906-4DE0-A5AB-550FEB7E95E0}.Release|x64.ActiveCfg = Release|x64
		{8E35303A-8906-4DE0-A5AB-550FEB7E95E0}.Release|x64.Build.0 = Release|x64
	EndGlobalSection
	GlobalSection(SolutionProperties) = preSolution
		HideSolutionNode = FALSE
	EndGlobalSection
	GlobalSection(ExtensibilityGlobals) = postSolution
		SolutionGuid = {2E93FF77-511B-4A0B-950C-20D025E3024E}
	EndGlobalSection
EndGlobal
