<?xml version="1.0" encoding="utf-8"?>
<Project ToolsVersion="4.0" xmlns="http://schemas.microsoft.com/developer/msbuild/2003">
  <ItemGroup>
    <Filter Include="Esco">
      <UniqueIdentifier>{0FDC847C-FB12-860D-A4FF-6B109015020F}</UniqueIdentifier>
    </Filter>
    <Filter Include="Esco\Events">
      <UniqueIdentifier>{138146F6-7F36-BFEB-082B-B9C274DFB5EF}</UniqueIdentifier>
    </Filter>
  </ItemGroup>
  <ItemGroup>
    <ClInclude Include="src\Esco.h" />
    <ClInclude Include="src\Esco\Application.h">
      <Filter>Esco</Filter>
    </ClInclude>
    <ClInclude Include="src\Esco\Core.h">
      <Filter>Esco</Filter>
    </ClInclude>
    <ClInclude Include="src\Esco\EntryPointer.h">
      <Filter>Esco</Filter>
    </ClInclude>
    <ClInclude Include="src\Esco\Events\ApplicationEvent.h">
      <Filter>Esco\Events</Filter>
    </ClInclude>
    <ClInclude Include="src\Esco\Events\Event.h">
      <Filter>Esco\Events</Filter>
    </ClInclude>
    <ClInclude Include="src\Esco\Events\KeyEvent.h">
      <Filter>Esco\Events</Filter>
    </ClInclude>
    <ClInclude Include="src\Esco\Events\MouseEvent.h">
      <Filter>Esco\Events</Filter>
    </ClInclude>
    <ClInclude Include="src\Esco\Log.h">
      <Filter>Esco</Filter>
    </ClInclude>
  </ItemGroup>
  <ItemGroup>
    <ClCompile Include="src\Esco\Application.cpp">
      <Filter>Esco</Filter>
    </ClCompile>
    <ClCompile Include="src\Esco\Log.cpp">
      <Filter>Esco</Filter>
    </ClCompile>
  </ItemGroup>
</Project>